
Microsoft Visual Studio Solution File, Format Version 12.00
# Visual Studio Version 16
VisualStudioVersion = 16.0.30804.86
MinimumVisualStudioVersion = 10.0.40219.1
Project("{FAE04EC0-301F-11D3-BF4B-00C04F79EFBC}") = "Winforms_crear_tablas_dinamicas_base_de_datos", "Winforms_crear_tablas_dinamicas_base_de_datos\Winforms_crear_tablas_dinamicas_base_de_datos.csproj", "{91DA234E-4B6B-4863-BCD0-C0E4180BF259}"
EndProject
Global
	GlobalSection(SolutionConfigurationPlatforms) = preSolution
		Debug|Any CPU = Debug|Any CPU
		Release|Any CPU = Release|Any CPU
	EndGlobalSection
	GlobalSection(ProjectConfigurationPlatforms) = postSolution
		{91DA234E-4B6B-4863-BCD0-C0E4180BF259}.Debug|Any CPU.ActiveCfg = Debug|Any CPU
		{91DA234E-4B6B-4863-BCD0-C0E4180BF259}.Debug|Any CPU.Build.0 = Debug|Any CPU
		{91DA234E-4B6B-4863-BCD0-C0E4180BF259}.Release|Any CPU.ActiveCfg = Release|Any CPU
		{91DA234E-4B6B-4863-BCD0-C0E4180BF259}.Release|Any CPU.Build.0 = Release|Any CPU
	EndGlobalSection
	GlobalSection(SolutionProperties) = preSolution
		HideSolutionNode = FALSE
	EndGlobalSection
	GlobalSection(ExtensibilityGlobals) = postSolution
		SolutionGuid = {AF609FB8-C6D3-4AFD-ABBF-4681E0A3637A}
	EndGlobalSection
EndGlobal
